
Microsoft Visual Studio Solution File, Format Version 12.00
# Visual Studio 2013
VisualStudioVersion = 12.0.21005.1
MinimumVisualStudioVersion = 10.0.40219.1
Project("{F184B08F-C81C-45F6-A57F-5ABD9991F28F}") = "DatabaseProj", "DatabaseProj\DatabaseProj.vbproj", "{C4EDDB6F-1E2A-43FE-B741-1E4ABBDEE27E}"
EndProject
Global
	GlobalSection(SolutionConfigurationPlatforms) = preSolution
		Debug|Any CPU = Debug|Any CPU
		Release|Any CPU = Release|Any CPU
	EndGlobalSection
	GlobalSection(ProjectConfigurationPlatforms) = postSolution
		{C4EDDB6F-1E2A-43FE-B741-1E4ABBDEE27E}.Debug|Any CPU.ActiveCfg = Debug|Any CPU
		{C4EDDB6F-1E2A-43FE-B741-1E4ABBDEE27E}.Debug|Any CPU.Build.0 = Debug|Any CPU
		{C4EDDB6F-1E2A-43FE-B741-1E4ABBDEE27E}.Release|Any CPU.ActiveCfg = Release|Any CPU
		{C4EDDB6F-1E2A-43FE-B741-1E4ABBDEE27E}.Release|Any CPU.Build.0 = Release|Any CPU
	EndGlobalSection
	GlobalSection(SolutionProperties) = preSolution
		HideSolutionNode = FALSE
	EndGlobalSection
EndGlobal
